
Microsoft Visual Studio Solution File, Format Version 12.00
Project("{FAE04EC0-301F-11D3-BF4B-00C04F79EFBC}") = "PracticeAspNetCoreIdentity.Server", "PracticeAspNetCoreIdentity.Server\PracticeAspNetCoreIdentity.Server.csproj", "{3D43E305-834E-402E-A3D3-AA6CD063EFC9}"
EndProject
Project("{FAE04EC0-301F-11D3-BF4B-00C04F79EFBC}") = "PracticeAspNetCoreIdentity.Client", "PracticeAspNetCoreIdentity.Client\PracticeAspNetCoreIdentity.Client.csproj", "{4604D1C3-9AE3-431A-A5E2-CE5A6AC45055}"
EndProject
Global
	GlobalSection(SolutionConfigurationPlatforms) = preSolution
		Debug|Any CPU = Debug|Any CPU
		Release|Any CPU = Release|Any CPU
	EndGlobalSection
	GlobalSection(ProjectConfigurationPlatforms) = postSolution
		{3D43E305-834E-402E-A3D3-AA6CD063EFC9}.Debug|Any CPU.ActiveCfg = Debug|Any CPU
		{3D43E305-834E-402E-A3D3-AA6CD063EFC9}.Debug|Any CPU.Build.0 = Debug|Any CPU
		{3D43E305-834E-402E-A3D3-AA6CD063EFC9}.Release|Any CPU.ActiveCfg = Release|Any CPU
		{3D43E305-834E-402E-A3D3-AA6CD063EFC9}.Release|Any CPU.Build.0 = Release|Any CPU
		{4604D1C3-9AE3-431A-A5E2-CE5A6AC45055}.Debug|Any CPU.ActiveCfg = Debug|Any CPU
		{4604D1C3-9AE3-431A-A5E2-CE5A6AC45055}.Debug|Any CPU.Build.0 = Debug|Any CPU
		{4604D1C3-9AE3-431A-A5E2-CE5A6AC45055}.Release|Any CPU.ActiveCfg = Release|Any CPU
		{4604D1C3-9AE3-431A-A5E2-CE5A6AC45055}.Release|Any CPU.Build.0 = Release|Any CPU
	EndGlobalSection
EndGlobal
